// !$*UTF8*$!
{
	archiveVersion = 1;
	classes = {
	};
	objectVersion = 46;
	objects = {

/* Begin PBXBuildFile section */
		92452A0D16ED957700760B2B /* UIKit.framework in Frameworks */ = {isa = PBXBuildFile; fileRef = 92452A0C16ED957700760B2B /* UIKit.framework */; };
		92452A0F16ED957700760B2B /* Foundation.framework in Frameworks */ = {isa = PBXBuildFile; fileRef = 92452A0E16ED957700760B2B /* Foundation.framework */; };
		92452A1116ED957700760B2B /* CoreGraphics.framework in Frameworks */ = {isa = PBXBuildFile; fileRef = 92452A1016ED957700760B2B /* CoreGraphics.framework */; };
		92452A1716ED957700760B2B /* InfoPlist.strings in Resources */ = {isa = PBXBuildFile; fileRef = 92452A1516ED957700760B2B /* InfoPlist.strings */; };
		92452A1916ED957700760B2B /* main.m in Sources */ = {isa = PBXBuildFile; fileRef = 92452A1816ED957700760B2B /* main.m */; };
		92452A1D16ED957800760B2B /* AppDelegate.m in Sources */ = {isa = PBXBuildFile; fileRef = 92452A1C16ED957800760B2B /* AppDelegate.m */; };
		92452A2616ED957800760B2B /* ViewController.m in Sources */ = {isa = PBXBuildFile; fileRef = 92452A2516ED957800760B2B /* ViewController.m */; };
		92452A2916ED957800760B2B /* ViewController_iPhone.xib in Resources */ = {isa = PBXBuildFile; fileRef = 92452A2716ED957800760B2B /* ViewController_iPhone.xib */; };
		92452A2C16ED957800760B2B /* ViewController_iPad.xib in Resources */ = {isa = PBXBuildFile; fileRef = 92452A2A16ED957800760B2B /* ViewController_iPad.xib */; };
		92658DB816FDC4E5004AFD60 /* ccIcon.png in Resources */ = {isa = PBXBuildFile; fileRef = 92658DB716FDC4E5004AFD60 /* ccIcon.png */; };
		92658DBA16FDC4EA004AFD60 /* ccIcon@2x.png in Resources */ = {isa = PBXBuildFile; fileRef = 92658DB916FDC4EA004AFD60 /* ccIcon@2x.png */; };
		92658DBC16FDC720004AFD60 /* ccIconPad.png in Resources */ = {isa = PBXBuildFile; fileRef = 92658DBB16FDC720004AFD60 /* ccIconPad.png */; };
		92658DBE16FDC831004AFD60 /* ccIconPad@2x.png in Resources */ = {isa = PBXBuildFile; fileRef = 92658DBD16FDC831004AFD60 /* ccIconPad@2x.png */; };
		92658DC016FDE5A3004AFD60 /* Default-Portrait~ipad.png in Resources */ = {isa = PBXBuildFile; fileRef = 92658DBF16FDE5A3004AFD60 /* Default-Portrait~ipad.png */; };
		92658DC216FDE5A9004AFD60 /* Default-Portrait@2x~ipad.png in Resources */ = {isa = PBXBuildFile; fileRef = 92658DC116FDE5A9004AFD60 /* Default-Portrait@2x~ipad.png */; };
		92658DC416FDE884004AFD60 /* Default-Landscape~ipad.png in Resources */ = {isa = PBXBuildFile; fileRef = 92658DC316FDE884004AFD60 /* Default-Landscape~ipad.png */; };
		92658DC616FDE889004AFD60 /* Default-Landscape@2x~ipad.png in Resources */ = {isa = PBXBuildFile; fileRef = 92658DC516FDE889004AFD60 /* Default-Landscape@2x~ipad.png */; };
		92658DC816FDED5E004AFD60 /* Default@2x.png in Resources */ = {isa = PBXBuildFile; fileRef = 92658DC716FDED5E004AFD60 /* Default@2x.png */; };
		92658DCA16FDEE0A004AFD60 /* Default.png in Resources */ = {isa = PBXBuildFile; fileRef = 92658DC916FDEE0A004AFD60 /* Default.png */; };
		92658DCC16FDF014004AFD60 /* Default-568h@2x.png in Resources */ = {isa = PBXBuildFile; fileRef = 92658DCB16FDF014004AFD60 /* Default-568h@2x.png */; };
		92E912E516EEE75900E71449 /* www in Resources */ = {isa = PBXBuildFile; fileRef = 92E912E416EEE75900E71449 /* www */; };
/* End PBXBuildFile section */

/* Begin PBXFileReference section */
		92452A0816ED957700760B2B /* HtmlTemplate.app */ = {isa = PBXFileReference; explicitFileType = wrapper.application; includeInIndex = 0; path = HtmlTemplate.app; sourceTree = BUILT_PRODUCTS_DIR; };
		92452A0C16ED957700760B2B /* UIKit.framework */ = {isa = PBXFileReference; lastKnownFileType = wrapper.framework; name = UIKit.framework; path = System/Library/Frameworks/UIKit.framework; sourceTree = SDKROOT; };
		92452A0E16ED957700760B2B /* Foundation.framework */ = {isa = PBXFileReference; lastKnownFileType = wrapper.framework; name = Foundation.framework; path = System/Library/Frameworks/Foundation.framework; sourceTree = SDKROOT; };
		92452A1016ED957700760B2B /* CoreGraphics.framework */ = {isa = PBXFileReference; lastKnownFileType = wrapper.framework; name = CoreGraphics.framework; path = System/Library/Frameworks/CoreGraphics.framework; sourceTree = SDKROOT; };
		92452A1416ED957700760B2B /* HtmlTemplate-Info.plist */ = {isa = PBXFileReference; lastKnownFileType = text.plist.xml; path = "HtmlTemplate-Info.plist"; sourceTree = "<group>"; };
		92452A1616ED957700760B2B /* en */ = {isa = PBXFileReference; lastKnownFileType = text.plist.strings; name = en; path = en.lproj/InfoPlist.strings; sourceTree = "<group>"; };
		92452A1816ED957700760B2B /* main.m */ = {isa = PBXFileReference; lastKnownFileType = sourcecode.c.objc; path = main.m; sourceTree = "<group>"; };
		92452A1A16ED957800760B2B /* HtmlTemplate-Prefix.pch */ = {isa = PBXFileReference; lastKnownFileType = sourcecode.c.h; path = "HtmlTemplate-Prefix.pch"; sourceTree = "<group>"; };
		92452A1B16ED957800760B2B /* AppDelegate.h */ = {isa = PBXFileReference; lastKnownFileType = sourcecode.c.h; path = AppDelegate.h; sourceTree = "<group>"; };
		92452A1C16ED957800760B2B /* AppDelegate.m */ = {isa = PBXFileReference; lastKnownFileType = sourcecode.c.objc; path = AppDelegate.m; sourceTree = "<group>"; };
		92452A2416ED957800760B2B /* ViewController.h */ = {isa = PBXFileReference; lastKnownFileType = sourcecode.c.h; path = ViewController.h; sourceTree = "<group>"; };
		92452A2516ED957800760B2B /* ViewController.m */ = {isa = PBXFileReference; lastKnownFileType = sourcecode.c.objc; path = ViewController.m; sourceTree = "<group>"; };
		92452A2816ED957800760B2B /* en */ = {isa = PBXFileReference; lastKnownFileType = file.xib; name = en; path = en.lproj/ViewController_iPhone.xib; sourceTree = "<group>"; };
		92452A2B16ED957800760B2B /* en */ = {isa = PBXFileReference; lastKnownFileType = file.xib; name = en; path = en.lproj/ViewController_iPad.xib; sourceTree = "<group>"; };
		92658DB716FDC4E5004AFD60 /* ccIcon.png */ = {isa = PBXFileReference; lastKnownFileType = image.png; name = ccIcon.png; path = ../ccIcon.png; sourceTree = "<group>"; };
		92658DB916FDC4EA004AFD60 /* ccIcon@2x.png */ = {isa = PBXFileReference; lastKnownFileType = image.png; name = "ccIcon@2x.png"; path = "../ccIcon@2x.png"; sourceTree = "<group>"; };
		92658DBB16FDC720004AFD60 /* ccIconPad.png */ = {isa = PBXFileReference; lastKnownFileType = image.png; name = ccIconPad.png; path = ../ccIconPad.png; sourceTree = "<group>"; };
		92658DBD16FDC831004AFD60 /* ccIconPad@2x.png */ = {isa = PBXFileReference; lastKnownFileType = image.png; name = "ccIconPad@2x.png"; path = "../ccIconPad@2x.png"; sourceTree = "<group>"; };
		92658DBF16FDE5A3004AFD60 /* Default-Portrait~ipad.png */ = {isa = PBXFileReference; lastKnownFileType = image.png; name = "Default-Portrait~ipad.png"; path = "../Default-Portrait~ipad.png"; sourceTree = "<group>"; };
		92658DC116FDE5A9004AFD60 /* Default-Portrait@2x~ipad.png */ = {isa = PBXFileReference; lastKnownFileType = image.png; name = "Default-Portrait@2x~ipad.png"; path = "../Default-Portrait@2x~ipad.png"; sourceTree = "<group>"; };
		92658DC316FDE884004AFD60 /* Default-Landscape~ipad.png */ = {isa = PBXFileReference; lastKnownFileType = image.png; name = "Default-Landscape~ipad.png"; path = "../Default-Landscape~ipad.png"; sourceTree = "<group>"; };
		92658DC516FDE889004AFD60 /* Default-Landscape@2x~ipad.png */ = {isa = PBXFileReference; lastKnownFileType = image.png; name = "Default-Landscape@2x~ipad.png"; path = "../Default-Landscape@2x~ipad.png"; sourceTree = "<group>"; };
		92658DC716FDED5E004AFD60 /* Default@2x.png */ = {isa = PBXFileReference; lastKnownFileType = image.png; name = "Default@2x.png"; path = "../Default@2x.png"; sourceTree = "<group>"; };
		92658DC916FDEE0A004AFD60 /* Default.png */ = {isa = PBXFileReference; lastKnownFileType = image.png; name = Default.png; path = ../Default.png; sourceTree = "<group>"; };
		92658DCB16FDF014004AFD60 /* Default-568h@2x.png */ = {isa = PBXFileReference; lastKnownFileType = image.png; name = "Default-568h@2x.png"; path = "../Default-568h@2x.png"; sourceTree = "<group>"; };
		92E912E416EEE75900E71449 /* www */ = {isa = PBXFileReference; lastKnownFileType = folder; name = www; path = ../www; sourceTree = "<group>"; };
/* End PBXFileReference section */

/* Begin PBXFrameworksBuildPhase section */
		92452A0516ED957700760B2B /* Frameworks */ = {
			isa = PBXFrameworksBuildPhase;
			buildActionMask = 2147483647;
			files = (
				92452A0D16ED957700760B2B /* UIKit.framework in Frameworks */,
				92452A0F16ED957700760B2B /* Foundation.framework in Frameworks */,
				92452A1116ED957700760B2B /* CoreGraphics.framework in Frameworks */,
			);
			runOnlyForDeploymentPostprocessing = 0;
		};
/* End PBXFrameworksBuildPhase section */

/* Begin PBXGroup section */
		924529FD16ED957700760B2B = {
			isa = PBXGroup;
			children = (
				92E912E416EEE75900E71449 /* www */,
				92452A1216ED957700760B2B /* HtmlTemplate */,
				92452A0B16ED957700760B2B /* Frameworks */,
				92452A0916ED957700760B2B /* Products */,
			);
			sourceTree = "<group>";
		};
		92452A0916ED957700760B2B /* Products */ = {
			isa = PBXGroup;
			children = (
				92452A0816ED957700760B2B /* HtmlTemplate.app */,
			);
			name = Products;
			sourceTree = "<group>";
		};
		92452A0B16ED957700760B2B /* Frameworks */ = {
			isa = PBXGroup;
			children = (
				92452A0C16ED957700760B2B /* UIKit.framework */,
				92452A0E16ED957700760B2B /* Foundation.framework */,
				92452A1016ED957700760B2B /* CoreGraphics.framework */,
			);
			name = Frameworks;
			sourceTree = "<group>";
		};
		92452A1216ED957700760B2B /* HtmlTemplate */ = {
			isa = PBXGroup;
			children = (
				92452A1B16ED957800760B2B /* AppDelegate.h */,
				92452A1C16ED957800760B2B /* AppDelegate.m */,
				92452A2416ED957800760B2B /* ViewController.h */,
				92452A2516ED957800760B2B /* ViewController.m */,
				92452A2716ED957800760B2B /* ViewController_iPhone.xib */,
				92452A2A16ED957800760B2B /* ViewController_iPad.xib */,
				92452A1316ED957700760B2B /* Supporting Files */,
			);
			path = HtmlTemplate;
			sourceTree = "<group>";
		};
		92452A1316ED957700760B2B /* Supporting Files */ = {
			isa = PBXGroup;
			children = (
				92658DCB16FDF014004AFD60 /* Default-568h@2x.png */,
				92658DC916FDEE0A004AFD60 /* Default.png */,
				92658DC716FDED5E004AFD60 /* Default@2x.png */,
				92658DC516FDE889004AFD60 /* Default-Landscape@2x~ipad.png */,
				92658DC316FDE884004AFD60 /* Default-Landscape~ipad.png */,
				92658DC116FDE5A9004AFD60 /* Default-Portrait@2x~ipad.png */,
				92658DBF16FDE5A3004AFD60 /* Default-Portrait~ipad.png */,
				92658DBD16FDC831004AFD60 /* ccIconPad@2x.png */,
				92658DBB16FDC720004AFD60 /* ccIconPad.png */,
				92658DB916FDC4EA004AFD60 /* ccIcon@2x.png */,
				92658DB716FDC4E5004AFD60 /* ccIcon.png */,
				92452A1416ED957700760B2B /* HtmlTemplate-Info.plist */,
				92452A1516ED957700760B2B /* InfoPlist.strings */,
				92452A1816ED957700760B2B /* main.m */,
				92452A1A16ED957800760B2B /* HtmlTemplate-Prefix.pch */,
			);
			name = "Supporting Files";
			sourceTree = "<group>";
		};
/* End PBXGroup section */

/* Begin PBXNativeTarget section */
		92452A0716ED957700760B2B /* HtmlTemplate */ = {
			isa = PBXNativeTarget;
			buildConfigurationList = 92452A2F16ED957800760B2B /* Build configuration list for PBXNativeTarget "HtmlTemplate" */;
			buildPhases = (
				92452A0416ED957700760B2B /* Sources */,
				92452A0516ED957700760B2B /* Frameworks */,
				92452A0616ED957700760B2B /* Resources */,
			);
			buildRules = (
			);
			dependencies = (
			);
			name = HtmlTemplate;
			productName = HtmlTemplate;
			productReference = 92452A0816ED957700760B2B /* HtmlTemplate.app */;
			productType = "com.apple.product-type.application";
		};
/* End PBXNativeTarget section */

/* Begin PBXProject section */
		924529FF16ED957700760B2B /* Project object */ = {
			isa = PBXProject;
			attributes = {
				LastUpgradeCheck = 0450;
				ORGANIZATIONNAME = Corerd;
			};
			buildConfigurationList = 92452A0216ED957700760B2B /* Build configuration list for PBXProject "HtmlTemplate" */;
			compatibilityVersion = "Xcode 3.2";
			developmentRegion = English;
			hasScannedForEncodings = 0;
			knownRegions = (
				en,
			);
			mainGroup = 924529FD16ED957700760B2B;
			productRefGroup = 92452A0916ED957700760B2B /* Products */;
			projectDirPath = "";
			projectRoot = "";
			targets = (
				92452A0716ED957700760B2B /* HtmlTemplate */,
			);
		};
/* End PBXProject section */

/* Begin PBXResourcesBuildPhase section */
		92452A0616ED957700760B2B /* Resources */ = {
			isa = PBXResourcesBuildPhase;
			buildActionMask = 2147483647;
			files = (
				92452A1716ED957700760B2B /* InfoPlist.strings in Resources */,
				92452A2916ED957800760B2B /* ViewController_iPhone.xib in Resources */,
				92452A2C16ED957800760B2B /* ViewController_iPad.xib in Resources */,
				92E912E516EEE75900E71449 /* www in Resources */,
				92658DB816FDC4E5004AFD60 /* ccIcon.png in Resources */,
				92658DBA16FDC4EA004AFD60 /* ccIcon@2x.png in Resources */,
				92658DBC16FDC720004AFD60 /* ccIconPad.png in Resources */,
				92658DBE16FDC831004AFD60 /* ccIconPad@2x.png in Resources */,
				92658DC016FDE5A3004AFD60 /* Default-Portrait~ipad.png in Resources */,
				92658DC216FDE5A9004AFD60 /* Default-Portrait@2x~ipad.png in Resources */,
				92658DC416FDE884004AFD60 /* Default-Landscape~ipad.png in Resources */,
				92658DC616FDE889004AFD60 /* Default-Landscape@2x~ipad.png in Resources */,
				92658DC816FDED5E004AFD60 /* Default@2x.png in Resources */,
				92658DCA16FDEE0A004AFD60 /* Default.png in Resources */,
				92658DCC16FDF014004AFD60 /* Default-568h@2x.png in Resources */,
			);
			runOnlyForDeploymentPostprocessing = 0;
		};
/* End PBXResourcesBuildPhase section */

/* Begin PBXSourcesBuildPhase section */
		92452A0416ED957700760B2B /* Sources */ = {
			isa = PBXSourcesBuildPhase;
			buildActionMask = 2147483647;
			files = (
				92452A1916ED957700760B2B /* main.m in Sources */,
				92452A1D16ED957800760B2B /* AppDelegate.m in Sources */,
				92452A2616ED957800760B2B /* ViewController.m in Sources */,
			);
			runOnlyForDeploymentPostprocessing = 0;
		};
/* End PBXSourcesBuildPhase section */

/* Begin PBXVariantGroup section */
		92452A1516ED957700760B2B /* InfoPlist.strings */ = {
			isa = PBXVariantGroup;
			children = (
				92452A1616ED957700760B2B /* en */,
			);
			name = InfoPlist.strings;
			sourceTree = "<group>";
		};
		92452A2716ED957800760B2B /* ViewController_iPhone.xib */ = {
			isa = PBXVariantGroup;
			children = (
				92452A2816ED957800760B2B /* en */,
			);
			name = ViewController_iPhone.xib;
			sourceTree = "<group>";
		};
		92452A2A16ED957800760B2B /* ViewController_iPad.xib */ = {
			isa = PBXVariantGroup;
			children = (
				92452A2B16ED957800760B2B /* en */,
			);
			name = ViewController_iPad.xib;
			sourceTree = "<group>";
		};
/* End PBXVariantGroup section */

/* Begin XCBuildConfiguration section */
		92452A2D16ED957800760B2B /* Debug */ = {
			isa = XCBuildConfiguration;
			buildSettings = {
				ALWAYS_SEARCH_USER_PATHS = NO;
				CLANG_CXX_LANGUAGE_STANDARD = "gnu++0x";
				CLANG_CXX_LIBRARY = "libc++";
				CLANG_ENABLE_OBJC_ARC = YES;
				CLANG_WARN_EMPTY_BODY = YES;
				CLANG_WARN__DUPLICATE_METHOD_MATCH = YES;
				"CODE_SIGN_IDENTITY[sdk=iphoneos*]" = "iPhone Developer";
				COPY_PHASE_STRIP = NO;
				GCC_C_LANGUAGE_STANDARD = gnu99;
				GCC_DYNAMIC_NO_PIC = NO;
				GCC_OPTIMIZATION_LEVEL = 0;
				GCC_PREPROCESSOR_DEFINITIONS = (
					"DEBUG=1",
					"$(inherited)",
				);
				GCC_SYMBOLS_PRIVATE_EXTERN = NO;
				GCC_WARN_ABOUT_RETURN_TYPE = YES;
				GCC_WARN_UNINITIALIZED_AUTOS = YES;
				GCC_WARN_UNUSED_VARIABLE = YES;
				IPHONEOS_DEPLOYMENT_TARGET = 6.0;
				ONLY_ACTIVE_ARCH = YES;
				SDKROOT = iphoneos;
				TARGETED_DEVICE_FAMILY = "1,2";
			};
			name = Debug;
		};
		92452A2E16ED957800760B2B /* Release */ = {
			isa = XCBuildConfiguration;
			buildSettings = {
				ALWAYS_SEARCH_USER_PATHS = NO;
				CLANG_CXX_LANGUAGE_STANDARD = "gnu++0x";
				CLANG_CXX_LIBRARY = "libc++";
				CLANG_ENABLE_OBJC_ARC = YES;
				CLANG_WARN_EMPTY_BODY = YES;
				CLANG_WARN__DUPLICATE_METHOD_MATCH = YES;
				"CODE_SIGN_IDENTITY[sdk=iphoneos*]" = "iPhone Developer";
				COPY_PHASE_STRIP = YES;
				GCC_C_LANGUAGE_STANDARD = gnu99;
				GCC_WARN_ABOUT_RETURN_TYPE = YES;
				GCC_WARN_UNINITIALIZED_AUTOS = YES;
				GCC_WARN_UNUSED_VARIABLE = YES;
				IPHONEOS_DEPLOYMENT_TARGET = 6.0;
				OTHER_CFLAGS = "-DNS_BLOCK_ASSERTIONS=1";
				SDKROOT = iphoneos;
				TARGETED_DEVICE_FAMILY = "1,2";
				VALIDATE_PRODUCT = YES;
			};
			name = Release;
		};
		92452A3016ED957800760B2B /* Debug */ = {
			isa = XCBuildConfiguration;
			buildSettings = {
				CODE_SIGN_IDENTITY = "";
				GCC_PRECOMPILE_PREFIX_HEADER = YES;
				GCC_PREFIX_HEADER = "HtmlTemplate/HtmlTemplate-Prefix.pch";
				INFOPLIST_FILE = "HtmlTemplate/HtmlTemplate-Info.plist";
				IPHONEOS_DEPLOYMENT_TARGET = 4.3;
				PRODUCT_NAME = "$(TARGET_NAME)";
				WRAPPER_EXTENSION = app;
			};
			name = Debug;
		};
		92452A3116ED957800760B2B /* Release */ = {
			isa = XCBuildConfiguration;
			buildSettings = {
				CODE_SIGN_IDENTITY = "";
				GCC_PRECOMPILE_PREFIX_HEADER = YES;
				GCC_PREFIX_HEADER = "HtmlTemplate/HtmlTemplate-Prefix.pch";
				INFOPLIST_FILE = "HtmlTemplate/HtmlTemplate-Info.plist";
				IPHONEOS_DEPLOYMENT_TARGET = 4.3;
				PRODUCT_NAME = "$(TARGET_NAME)";
				WRAPPER_EXTENSION = app;
			};
			name = Release;
		};
/* End XCBuildConfiguration section */

/* Begin XCConfigurationList section */
		92452A0216ED957700760B2B /* Build configuration list for PBXProject "HtmlTemplate" */ = {
			isa = XCConfigurationList;
			buildConfigurations = (
				92452A2D16ED957800760B2B /* Debug */,
				92452A2E16ED957800760B2B /* Release */,
			);
			defaultConfigurationIsVisible = 0;
			defaultConfigurationName = Release;
		};
		92452A2F16ED957800760B2B /* Build configuration list for PBXNativeTarget "HtmlTemplate" */ = {
			isa = XCConfigurationList;
			buildConfigurations = (
				92452A3016ED957800760B2B /* Debug */,
				92452A3116ED957800760B2B /* Release */,
			);
			defaultConfigurationIsVisible = 0;
			defaultConfigurationName = Release;
		};
/* End XCConfigurationList section */
	};
	rootObject = 924529FF16ED957700760B2B /* Project object */;
}
